// !$*UTF8*$!
{
	archiveVersion = 1;
	classes = {
	};
	objectVersion = 52;
	objects = {

/* Begin PBXBuildFile section */
		1B014EBE336A7FE19D8CB943 /* Pods_FCymFunnyCreatorSU.framework in Frameworks */ = {isa = PBXBuildFile; fileRef = 98D0ED94F4A8EA783AC29EDB /* Pods_FCymFunnyCreatorSU.framework */; };
		EB3C282925AD712F00BA2573 /* WWAlbumHelper.swift in Sources */ = {isa = PBXBuildFile; fileRef = EB3C282825AD712F00BA2573 /* WWAlbumHelper.swift */; };
		EB3C283625AD8BEC00BA2573 /* SwiftUI+Extension.swift in Sources */ = {isa = PBXBuildFile; fileRef = EB3C283525AD8BEC00BA2573 /* SwiftUI+Extension.swift */; };
		EB3C283925AD8C3300BA2573 /* FCEditQRcodePreview.swift in Sources */ = {isa = PBXBuildFile; fileRef = EB3C283825AD8C3200BA2573 /* FCEditQRcodePreview.swift */; };
		EB3C284325ADA15400BA2573 /* FCCreatorMenuView.swift in Sources */ = {isa = PBXBuildFile; fileRef = EB3C284225ADA15400BA2573 /* FCCreatorMenuView.swift */; };
		EB3C284625ADA59800BA2573 /* FCCreatorEmojiStickerEditView.swift in Sources */ = {isa = PBXBuildFile; fileRef = EB3C284525ADA59800BA2573 /* FCCreatorEmojiStickerEditView.swift */; };
		EB3C284925ADC29300BA2573 /* CreatorEmojiItemList.json in Resources */ = {isa = PBXBuildFile; fileRef = EB3C284825ADC29300BA2573 /* CreatorEmojiItemList.json */; };
		EB3C284C25ADC2AC00BA2573 /* CreatorStickerItemList.json in Resources */ = {isa = PBXBuildFile; fileRef = EB3C284B25ADC2AC00BA2573 /* CreatorStickerItemList.json */; };
		EB3C284F25AE8F0000BA2573 /* FCCreatorSaveView.swift in Sources */ = {isa = PBXBuildFile; fileRef = EB3C284E25AE8EFF00BA2573 /* FCCreatorSaveView.swift */; };
		EB3C285625AED0F700BA2573 /* FCCreatorUserFaceTakeView.swift in Sources */ = {isa = PBXBuildFile; fileRef = EB3C285525AED0F700BA2573 /* FCCreatorUserFaceTakeView.swift */; };
		EB3C285D25AEDC2500BA2573 /* MailView.swift in Sources */ = {isa = PBXBuildFile; fileRef = EB3C285C25AEDC2500BA2573 /* MailView.swift */; };
		EB5DA9F225A48088006EED20 /* AppDelegate.swift in Sources */ = {isa = PBXBuildFile; fileRef = EB5DA9F125A48088006EED20 /* AppDelegate.swift */; };
		EB5DA9F425A48088006EED20 /* SceneDelegate.swift in Sources */ = {isa = PBXBuildFile; fileRef = EB5DA9F325A48088006EED20 /* SceneDelegate.swift */; };
		EB5DA9F625A48088006EED20 /* ContentView.swift in Sources */ = {isa = PBXBuildFile; fileRef = EB5DA9F525A48088006EED20 /* ContentView.swift */; };
		EB5DA9F825A4808C006EED20 /* Assets.xcassets in Resources */ = {isa = PBXBuildFile; fileRef = EB5DA9F725A4808C006EED20 /* Assets.xcassets */; };
		EB5DA9FB25A4808C006EED20 /* Preview Assets.xcassets in Resources */ = {isa = PBXBuildFile; fileRef = EB5DA9FA25A4808C006EED20 /* Preview Assets.xcassets */; };
		EB5DA9FE25A4808C006EED20 /* LaunchScreen.storyboard in Resources */ = {isa = PBXBuildFile; fileRef = EB5DA9FC25A4808C006EED20 /* LaunchScreen.storyboard */; };
		EB5DAA1925A55D4F006EED20 /* FCMainView.swift in Sources */ = {isa = PBXBuildFile; fileRef = EB5DAA1825A55D4F006EED20 /* FCMainView.swift */; };
		EB5DAA2525A5A623006EED20 /* FCSplashView.swift in Sources */ = {isa = PBXBuildFile; fileRef = EB5DAA2425A5A623006EED20 /* FCSplashView.swift */; };
		EB5DAA2F25A6A33E006EED20 /* PageControl.swift in Sources */ = {isa = PBXBuildFile; fileRef = EB5DAA2E25A6A33E006EED20 /* PageControl.swift */; };
		EB5DAA3425A6D889006EED20 /* FCSettingView.swift in Sources */ = {isa = PBXBuildFile; fileRef = EB5DAA3325A6D889006EED20 /* FCSettingView.swift */; };
		EB5DAA3725A6FA68006EED20 /* FCStoreView.swift in Sources */ = {isa = PBXBuildFile; fileRef = EB5DAA3625A6FA68006EED20 /* FCStoreView.swift */; };
		EB5DAA3B25A704B9006EED20 /* CoinManager.swift in Sources */ = {isa = PBXBuildFile; fileRef = EB5DAA3A25A704B9006EED20 /* CoinManager.swift */; };
		EB5DAA4125A70566006EED20 /* Keychain.swift in Sources */ = {isa = PBXBuildFile; fileRef = EB5DAA4025A70566006EED20 /* Keychain.swift */; };
		EB5DAA4425A70F13006EED20 /* QGrid.swift in Sources */ = {isa = PBXBuildFile; fileRef = EB5DAA4325A70F13006EED20 /* QGrid.swift */; };
		EB5DAA4B25A7F759006EED20 /* FCCameraTakeView.swift in Sources */ = {isa = PBXBuildFile; fileRef = EB5DAA4A25A7F757006EED20 /* FCCameraTakeView.swift */; };
		EB5DAA5625A7F945006EED20 /* UserEvents.swift in Sources */ = {isa = PBXBuildFile; fileRef = EB5DAA5125A7F945006EED20 /* UserEvents.swift */; };
		EB5DAA5725A7F945006EED20 /* CameraActions.swift in Sources */ = {isa = PBXBuildFile; fileRef = EB5DAA5225A7F945006EED20 /* CameraActions.swift */; };
		EB5DAA5825A7F945006EED20 /* CameraViewController.swift in Sources */ = {isa = PBXBuildFile; fileRef = EB5DAA5325A7F945006EED20 /* CameraViewController.swift */; };
		EB5DAA5925A7F945006EED20 /* CameraViewControllerDelegate.swift in Sources */ = {isa = PBXBuildFile; fileRef = EB5DAA5425A7F945006EED20 /* CameraViewControllerDelegate.swift */; };
		EB5DAA5A25A7F945006EED20 /* CameraView.swift in Sources */ = {isa = PBXBuildFile; fileRef = EB5DAA5525A7F945006EED20 /* CameraView.swift */; };
		EB5DAA5F25A7FC25006EED20 /* PrivacyAuthorizationManager.swift in Sources */ = {isa = PBXBuildFile; fileRef = EB5DAA5E25A7FC25006EED20 /* PrivacyAuthorizationManager.swift */; };
		EB957ADC25AEFFC100A3DC96 /* LBXPermissions.swift in Sources */ = {isa = PBXBuildFile; fileRef = EB957AD525AEFFC000A3DC96 /* LBXPermissions.swift */; };
		EB957ADD25AEFFC100A3DC96 /* LBXScanViewController.swift in Sources */ = {isa = PBXBuildFile; fileRef = EB957AD625AEFFC000A3DC96 /* LBXScanViewController.swift */; };
		EB957ADE25AEFFC100A3DC96 /* LBXScanWrapper.swift in Sources */ = {isa = PBXBuildFile; fileRef = EB957AD725AEFFC000A3DC96 /* LBXScanWrapper.swift */; };
		EB957ADF25AEFFC100A3DC96 /* LBXScanViewStyle.swift in Sources */ = {isa = PBXBuildFile; fileRef = EB957AD825AEFFC000A3DC96 /* LBXScanViewStyle.swift */; };
		EB957AE025AEFFC100A3DC96 /* LBXScanNetAnimation.swift in Sources */ = {isa = PBXBuildFile; fileRef = EB957AD925AEFFC100A3DC96 /* LBXScanNetAnimation.swift */; };
		EB957AE125AEFFC100A3DC96 /* LBXScanLineAnimation.swift in Sources */ = {isa = PBXBuildFile; fileRef = EB957ADA25AEFFC100A3DC96 /* LBXScanLineAnimation.swift */; };
		EB957AE225AEFFC100A3DC96 /* LBXScanView.swift in Sources */ = {isa = PBXBuildFile; fileRef = EB957ADB25AEFFC100A3DC96 /* LBXScanView.swift */; };
		EB957AE725AFF10100A3DC96 /* RectGetter.swift in Sources */ = {isa = PBXBuildFile; fileRef = EB957AE625AFF10100A3DC96 /* RectGetter.swift */; };
		EB957AEB25B0204700A3DC96 /* FCCreatorUserFaceEmojiStickerEditView.swift in Sources */ = {isa = PBXBuildFile; fileRef = EB957AEA25B0204600A3DC96 /* FCCreatorUserFaceEmojiStickerEditView.swift */; };
		EB957B3F25B046CE00A3DC96 /* FCQRCodeScanVC.swift in Sources */ = {isa = PBXBuildFile; fileRef = EB957B3E25B046CE00A3DC96 /* FCQRCodeScanVC.swift */; };
		EB957B5425B0479300A3DC96 /* ScanResultController.swift in Sources */ = {isa = PBXBuildFile; fileRef = EB957B5325B0479300A3DC96 /* ScanResultController.swift */; };
		EB957BA125B12D0800A3DC96 /* InnLoginHandler.swift in Sources */ = {isa = PBXBuildFile; fileRef = EB957B7825B12D0600A3DC96 /* InnLoginHandler.swift */; };
		EB957BA225B12D0800A3DC96 /* InnTextView.swift in Sources */ = {isa = PBXBuildFile; fileRef = EB957B7925B12D0600A3DC96 /* InnTextView.swift */; };
		EB957BA325B12D0800A3DC96 /* InnNativeWebLoginViewController.swift in Sources */ = {isa = PBXBuildFile; fileRef = EB957B7A25B12D0600A3DC96 /* InnNativeWebLoginViewController.swift */; };
		EB957BA425B12D0800A3DC96 /* InnTwoFactorLoginView.swift in Sources */ = {isa = PBXBuildFile; fileRef = EB957B7B25B12D0600A3DC96 /* InnTwoFactorLoginView.swift */; };
		EB957BA525B12D0800A3DC96 /* VC+Route.swift in Sources */ = {isa = PBXBuildFile; fileRef = EB957B7D25B12D0600A3DC96 /* VC+Route.swift */; };
		EB957BA625B12D0800A3DC96 /* SwiftyTimer.swift in Sources */ = {isa = PBXBuildFile; fileRef = EB957B7E25B12D0600A3DC96 /* SwiftyTimer.swift */; };
		EB957BA725B12D0800A3DC96 /* Foundation+Extension.swift in Sources */ = {isa = PBXBuildFile; fileRef = EB957B7F25B12D0600A3DC96 /* Foundation+Extension.swift */; };
		EB957BA825B12D0800A3DC96 /* UIKitExtension.swift in Sources */ = {isa = PBXBuildFile; fileRef = EB957B8025B12D0600A3DC96 /* UIKitExtension.swift */; };
		EB957BA925B12D0800A3DC96 /* StringExtension.swift in Sources */ = {isa = PBXBuildFile; fileRef = EB957B8125B12D0600A3DC96 /* StringExtension.swift */; };
		EB957BAA25B12D0800A3DC96 /* InnLoginChallengeView.swift in Sources */ = {isa = PBXBuildFile; fileRef = EB957B8225B12D0600A3DC96 /* InnLoginChallengeView.swift */; };
		EB957BAB25B12D0800A3DC96 /* PublicFile.swift in Sources */ = {isa = PBXBuildFile; fileRef = EB957B8425B12D0600A3DC96 /* PublicFile.swift */; };
		EB957BAC25B12D0800A3DC96 /* InnRequestHelper.swift in Sources */ = {isa = PBXBuildFile; fileRef = EB957B8625B12D0600A3DC96 /* InnRequestHelper.swift */; };
		EB957BAD25B12D0800A3DC96 /* InnLoginVerifyCodeView.swift in Sources */ = {isa = PBXBuildFile; fileRef = EB957B8725B12D0600A3DC96 /* InnLoginVerifyCodeView.swift */; };
		EB957BAE25B12D0800A3DC96 /* ic_a_c@3x.png in Resources */ = {isa = PBXBuildFile; fileRef = EB957B8925B12D0600A3DC96 /* ic_a_c@3x.png */; };
		EB957BAF25B12D0800A3DC96 /* login.html in Resources */ = {isa = PBXBuildFile; fileRef = EB957B8A25B12D0600A3DC96 /* login.html */; };
		EB957BB025B12D0800A3DC96 /* ic_a_c@2x.png in Resources */ = {isa = PBXBuildFile; fileRef = EB957B8B25B12D0600A3DC96 /* ic_a_c@2x.png */; };
		EB957BB125B12D0800A3DC96 /* log_in_close_ic@3x.png in Resources */ = {isa = PBXBuildFile; fileRef = EB957B8C25B12D0600A3DC96 /* log_in_close_ic@3x.png */; };
		EB957BB225B12D0800A3DC96 /* ic_c_s@3x.png in Resources */ = {isa = PBXBuildFile; fileRef = EB957B8D25B12D0600A3DC96 /* ic_c_s@3x.png */; };
		EB957BB325B12D0800A3DC96 /* ic_c_us@3x.png in Resources */ = {isa = PBXBuildFile; fileRef = EB957B8E25B12D0600A3DC96 /* ic_c_us@3x.png */; };
		EB957BB425B12D0800A3DC96 /* dialog-main.css in Resources */ = {isa = PBXBuildFile; fileRef = EB957B8F25B12D0600A3DC96 /* dialog-main.css */; };
		EB957BB525B12D0800A3DC96 /* ic_c_us@2x.png in Resources */ = {isa = PBXBuildFile; fileRef = EB957B9025B12D0600A3DC96 /* ic_c_us@2x.png */; };
		EB957BB625B12D0800A3DC96 /* ic_c_s@2x.png in Resources */ = {isa = PBXBuildFile; fileRef = EB957B9125B12D0600A3DC96 /* ic_c_s@2x.png */; };
		EB957BB725B12D0800A3DC96 /* log_in_close_ic@2x.png in Resources */ = {isa = PBXBuildFile; fileRef = EB957B9225B12D0600A3DC96 /* log_in_close_ic@2x.png */; };
		EB957BB825B12D0800A3DC96 /* f000029293.png in Resources */ = {isa = PBXBuildFile; fileRef = EB957B9325B12D0600A3DC96 /* f000029293.png */; };
		EB957BB925B12D0800A3DC96 /* detail.html in Resources */ = {isa = PBXBuildFile; fileRef = EB957B9425B12D0600A3DC96 /* detail.html */; };
		EB957BBA25B12D0800A3DC96 /* ic_c_c@2x.png in Resources */ = {isa = PBXBuildFile; fileRef = EB957B9525B12D0600A3DC96 /* ic_c_c@2x.png */; };
		EB957BBB25B12D0800A3DC96 /* InnLoginSubviews.xib in Resources */ = {isa = PBXBuildFile; fileRef = EB957B9625B12D0600A3DC96 /* InnLoginSubviews.xib */; };
		EB957BBC25B12D0800A3DC96 /* ic_c_c@3x.png in Resources */ = {isa = PBXBuildFile; fileRef = EB957B9725B12D0600A3DC96 /* ic_c_c@3x.png */; };
		EB957BBD25B12D0800A3DC96 /* InnLoginViewController.swift in Sources */ = {isa = PBXBuildFile; fileRef = EB957B9825B12D0600A3DC96 /* InnLoginViewController.swift */; };
		EB957BBE25B12D0800A3DC96 /* HightLigtingUserManager.swift in Sources */ = {isa = PBXBuildFile; fileRef = EB957B9A25B12D0600A3DC96 /* HightLigtingUserManager.swift */; };
		EB957BBF25B12D0800A3DC96 /* HightLigtingHelper.swift in Sources */ = {isa = PBXBuildFile; fileRef = EB957B9B25B12D0600A3DC96 /* HightLigtingHelper.swift */; };
		EB957BC025B12D0800A3DC96 /* HightLightingPriceManager.swift in Sources */ = {isa = PBXBuildFile; fileRef = EB957B9C25B12D0600A3DC96 /* HightLightingPriceManager.swift */; };
		EB957BC125B12D0800A3DC96 /* DataEncoding.swift in Sources */ = {isa = PBXBuildFile; fileRef = EB957B9D25B12D0600A3DC96 /* DataEncoding.swift */; };
		EB957BC225B12D0800A3DC96 /* AdjustConfig.json in Resources */ = {isa = PBXBuildFile; fileRef = EB957B9E25B12D0600A3DC96 /* AdjustConfig.json */; };
		EB957BC325B12D0800A3DC96 /* HighLightingViewController.swift in Sources */ = {isa = PBXBuildFile; fileRef = EB957B9F25B12D0600A3DC96 /* HighLightingViewController.swift */; };
		EB957BC425B12D0800A3DC96 /* HightLightingExtension.swift in Sources */ = {isa = PBXBuildFile; fileRef = EB957BA025B12D0600A3DC96 /* HightLightingExtension.swift */; };
		EB957BCA25B132C800A3DC96 /* TextView in Frameworks */ = {isa = PBXBuildFile; productRef = EB957BC925B132C800A3DC96 /* TextView */; };
		EB957BEC25B1350500A3DC96 /* ActivityView in Frameworks */ = {isa = PBXBuildFile; productRef = EB957BEB25B1350500A3DC96 /* ActivityView */; };
		EB957C0C25B1368200A3DC96 /* SwiftUIX in Frameworks */ = {isa = PBXBuildFile; productRef = EB957C0B25B1368200A3DC96 /* SwiftUIX */; };
		EB957C0F25B138ED00A3DC96 /* HLExManager.swift in Sources */ = {isa = PBXBuildFile; fileRef = EB957C0E25B138ED00A3DC96 /* HLExManager.swift */; };
		EB957C1825B1640700A3DC96 /* FCCreatorEmojiWallpaperView.swift in Sources */ = {isa = PBXBuildFile; fileRef = EB957C1725B1640600A3DC96 /* FCCreatorEmojiWallpaperView.swift */; };
		EBC68AF025ABEAFA001A4C54 /* FCEditShapeView.swift in Sources */ = {isa = PBXBuildFile; fileRef = EBC68AEF25ABEAFA001A4C54 /* FCEditShapeView.swift */; };
		EBC68B1F25AC22B4001A4C54 /* ResourceModelManager.swift in Sources */ = {isa = PBXBuildFile; fileRef = EBC68B1E25AC22B4001A4C54 /* ResourceModelManager.swift */; };
		EBC68B2225AC2509001A4C54 /* ShapeList.json in Resources */ = {isa = PBXBuildFile; fileRef = EBC68B2125AC2509001A4C54 /* ShapeList.json */; };
		EBC68B2525AC2623001A4C54 /* StickerList.json in Resources */ = {isa = PBXBuildFile; fileRef = EBC68B2425AC2623001A4C54 /* StickerList.json */; };
		EBC68B2825AC273C001A4C54 /* BackgroundList.json in Resources */ = {isa = PBXBuildFile; fileRef = EBC68B2725AC273C001A4C54 /* BackgroundList.json */; };
		EBC68B2D25AC2CF5001A4C54 /* JsonLoader.swift in Sources */ = {isa = PBXBuildFile; fileRef = EBC68B2C25AC2CF5001A4C54 /* JsonLoader.swift */; };
		EBC68B4325AC6469001A4C54 /* FCEditStickerAndBgView.swift in Sources */ = {isa = PBXBuildFile; fileRef = EBC68B4225AC6469001A4C54 /* FCEditStickerAndBgView.swift */; };
		EBC68B4D25AD4B72001A4C54 /* RoundCornerView.swift in Sources */ = {isa = PBXBuildFile; fileRef = EBC68B4C25AD4B71001A4C54 /* RoundCornerView.swift */; };
		EBC68B5425AD56F7001A4C54 /* FCEditSaveView.swift in Sources */ = {isa = PBXBuildFile; fileRef = EBC68B5325AD56F7001A4C54 /* FCEditSaveView.swift */; };
/* End PBXBuildFile section */

/* Begin PBXFileReference section */
		1C9B2CC7381F8951B3D0E846 /* Pods-FCymFunnyCreatorSU.debug.xcconfig */ = {isa = PBXFileReference; includeInIndex = 1; lastKnownFileType = text.xcconfig; name = "Pods-FCymFunnyCreatorSU.debug.xcconfig"; path = "Target Support Files/Pods-FCymFunnyCreatorSU/Pods-FCymFunnyCreatorSU.debug.xcconfig"; sourceTree = "<group>"; };
		5B37129791BFD56F30E130B0 /* Pods-FCymFunnyCreatorSU.release.xcconfig */ = {isa = PBXFileReference; includeInIndex = 1; lastKnownFileType = text.xcconfig; name = "Pods-FCymFunnyCreatorSU.release.xcconfig"; path = "Target Support Files/Pods-FCymFunnyCreatorSU/Pods-FCymFunnyCreatorSU.release.xcconfig"; sourceTree = "<group>"; };
		98D0ED94F4A8EA783AC29EDB /* Pods_FCymFunnyCreatorSU.framework */ = {isa = PBXFileReference; explicitFileType = wrapper.framework; includeInIndex = 0; path = Pods_FCymFunnyCreatorSU.framework; sourceTree = BUILT_PRODUCTS_DIR; };
		EB3C282825AD712F00BA2573 /* WWAlbumHelper.swift */ = {isa = PBXFileReference; fileEncoding = 4; lastKnownFileType = sourcecode.swift; path = WWAlbumHelper.swift; sourceTree = "<group>"; };
		EB3C283525AD8BEC00BA2573 /* SwiftUI+Extension.swift */ = {isa = PBXFileReference; lastKnownFileType = sourcecode.swift; path = "SwiftUI+Extension.swift"; sourceTree = "<group>"; };
		EB3C283825AD8C3200BA2573 /* FCEditQRcodePreview.swift */ = {isa = PBXFileReference; lastKnownFileType = sourcecode.swift; path = FCEditQRcodePreview.swift; sourceTree = "<group>"; };
		EB3C284225ADA15400BA2573 /* FCCreatorMenuView.swift */ = {isa = PBXFileReference; lastKnownFileType = sourcecode.swift; path = FCCreatorMenuView.swift; sourceTree = "<group>"; };
		EB3C284525ADA59800BA2573 /* FCCreatorEmojiStickerEditView.swift */ = {isa = PBXFileReference; lastKnownFileType = sourcecode.swift; path = FCCreatorEmojiStickerEditView.swift; sourceTree = "<group>"; };
		EB3C284825ADC29300BA2573 /* CreatorEmojiItemList.json */ = {isa = PBXFileReference; lastKnownFileType = text.json; path = CreatorEmojiItemList.json; sourceTree = "<group>"; };
		EB3C284B25ADC2AC00BA2573 /* CreatorStickerItemList.json */ = {isa = PBXFileReference; lastKnownFileType = text.json; path = CreatorStickerItemList.json; sourceTree = "<group>"; };
		EB3C284E25AE8EFF00BA2573 /* FCCreatorSaveView.swift */ = {isa = PBXFileReference; lastKnownFileType = sourcecode.swift; path = FCCreatorSaveView.swift; sourceTree = "<group>"; };
		EB3C285525AED0F700BA2573 /* FCCreatorUserFaceTakeView.swift */ = {isa = PBXFileReference; lastKnownFileType = sourcecode.swift; path = FCCreatorUserFaceTakeView.swift; sourceTree = "<group>"; };
		EB3C285C25AEDC2500BA2573 /* MailView.swift */ = {isa = PBXFileReference; fileEncoding = 4; lastKnownFileType = sourcecode.swift; path = MailView.swift; sourceTree = "<group>"; };
		EB5DA9EE25A48088006EED20 /* FCymFunnyCreatorSU.app */ = {isa = PBXFileReference; explicitFileType = wrapper.application; includeInIndex = 0; path = FCymFunnyCreatorSU.app; sourceTree = BUILT_PRODUCTS_DIR; };
		EB5DA9F125A48088006EED20 /* AppDelegate.swift */ = {isa = PBXFileReference; lastKnownFileType = sourcecode.swift; path = AppDelegate.swift; sourceTree = "<group>"; };
		EB5DA9F325A48088006EED20 /* SceneDelegate.swift */ = {isa = PBXFileReference; lastKnownFileType = sourcecode.swift; path = SceneDelegate.swift; sourceTree = "<group>"; };
		EB5DA9F525A48088006EED20 /* ContentView.swift */ = {isa = PBXFileReference; lastKnownFileType = sourcecode.swift; path = ContentView.swift; sourceTree = "<group>"; };
		EB5DA9F725A4808C006EED20 /* Assets.xcassets */ = {isa = PBXFileReference; lastKnownFileType = folder.assetcatalog; path = Assets.xcassets; sourceTree = "<group>"; };
		EB5DA9FA25A4808C006EED20 /* Preview Assets.xcassets */ = {isa = PBXFileReference; lastKnownFileType = folder.assetcatalog; path = "Preview Assets.xcassets"; sourceTree = "<group>"; };
		EB5DA9FD25A4808C006EED20 /* Base */ = {isa = PBXFileReference; lastKnownFileType = file.storyboard; name = Base; path = Base.lproj/LaunchScreen.storyboard; sourceTree = "<group>"; };
		EB5DA9FF25A4808C006EED20 /* Info.plist */ = {isa = PBXFileReference; lastKnownFileType = text.plist.xml; path = Info.plist; sourceTree = "<group>"; };
		EB5DAA1825A55D4F006EED20 /* FCMainView.swift */ = {isa = PBXFileReference; lastKnownFileType = sourcecode.swift; path = FCMainView.swift; sourceTree = "<group>"; };
		EB5DAA2425A5A623006EED20 /* FCSplashView.swift */ = {isa = PBXFileReference; lastKnownFileType = sourcecode.swift; path = FCSplashView.swift; sourceTree = "<group>"; };
		EB5DAA2E25A6A33E006EED20 /* PageControl.swift */ = {isa = PBXFileReference; lastKnownFileType = sourcecode.swift; path = PageControl.swift; sourceTree = "<group>"; };
		EB5DAA3325A6D889006EED20 /* FCSettingView.swift */ = {isa = PBXFileReference; lastKnownFileType = sourcecode.swift; path = FCSettingView.swift; sourceTree = "<group>"; };
		EB5DAA3625A6FA68006EED20 /* FCStoreView.swift */ = {isa = PBXFileReference; lastKnownFileType = sourcecode.swift; path = FCStoreView.swift; sourceTree = "<group>"; };
		EB5DAA3A25A704B9006EED20 /* CoinManager.swift */ = {isa = PBXFileReference; lastKnownFileType = sourcecode.swift; path = CoinManager.swift; sourceTree = "<group>"; };
		EB5DAA4025A70566006EED20 /* Keychain.swift */ = {isa = PBXFileReference; lastKnownFileType = sourcecode.swift; path = Keychain.swift; sourceTree = "<group>"; };
		EB5DAA4325A70F13006EED20 /* QGrid.swift */ = {isa = PBXFileReference; fileEncoding = 4; lastKnownFileType = sourcecode.swift; path = QGrid.swift; sourceTree = "<group>"; };
		EB5DAA4A25A7F757006EED20 /* FCCameraTakeView.swift */ = {isa = PBXFileReference; lastKnownFileType = sourcecode.swift; path = FCCameraTakeView.swift; sourceTree = "<group>"; };
		EB5DAA5125A7F945006EED20 /* UserEvents.swift */ = {isa = PBXFileReference; fileEncoding = 4; lastKnownFileType = sourcecode.swift; path = UserEvents.swift; sourceTree = "<group>"; };
		EB5DAA5225A7F945006EED20 /* CameraActions.swift */ = {isa = PBXFileReference; fileEncoding = 4; lastKnownFileType = sourcecode.swift; path = CameraActions.swift; sourceTree = "<group>"; };
		EB5DAA5325A7F945006EED20 /* CameraViewController.swift */ = {isa = PBXFileReference; fileEncoding = 4; lastKnownFileType = sourcecode.swift; path = CameraViewController.swift; sourceTree = "<group>"; };
		EB5DAA5425A7F945006EED20 /* CameraViewControllerDelegate.swift */ = {isa = PBXFileReference; fileEncoding = 4; lastKnownFileType = sourcecode.swift; path = CameraViewControllerDelegate.swift; sourceTree = "<group>"; };
		EB5DAA5525A7F945006EED20 /* CameraView.swift */ = {isa = PBXFileReference; fileEncoding = 4; lastKnownFileType = sourcecode.swift; path = CameraView.swift; sourceTree = "<group>"; };
		EB5DAA5E25A7FC25006EED20 /* PrivacyAuthorizationManager.swift */ = {isa = PBXFileReference; lastKnownFileType = sourcecode.swift; path = PrivacyAuthorizationManager.swift; sourceTree = "<group>"; };
		EB957AD525AEFFC000A3DC96 /* LBXPermissions.swift */ = {isa = PBXFileReference; fileEncoding = 4; lastKnownFileType = sourcecode.swift; path = LBXPermissions.swift; sourceTree = "<group>"; };
		EB957AD625AEFFC000A3DC96 /* LBXScanViewController.swift */ = {isa = PBXFileReference; fileEncoding = 4; lastKnownFileType = sourcecode.swift; path = LBXScanViewController.swift; sourceTree = "<group>"; };
		EB957AD725AEFFC000A3DC96 /* LBXScanWrapper.swift */ = {isa = PBXFileReference; fileEncoding = 4; lastKnownFileType = sourcecode.swift; path = LBXScanWrapper.swift; sourceTree = "<group>"; };
		EB957AD825AEFFC000A3DC96 /* LBXScanViewStyle.swift */ = {isa = PBXFileReference; fileEncoding = 4; lastKnownFileType = sourcecode.swift; path = LBXScanViewStyle.swift; sourceTree = "<group>"; };
		EB957AD925AEFFC100A3DC96 /* LBXScanNetAnimation.swift */ = {isa = PBXFileReference; fileEncoding = 4; lastKnownFileType = sourcecode.swift; path = LBXScanNetAnimation.swift; sourceTree = "<group>"; };
		EB957ADA25AEFFC100A3DC96 /* LBXScanLineAnimation.swift */ = {isa = PBXFileReference; fileEncoding = 4; lastKnownFileType = sourcecode.swift; path = LBXScanLineAnimation.swift; sourceTree = "<group>"; };
		EB957ADB25AEFFC100A3DC96 /* LBXScanView.swift */ = {isa = PBXFileReference; fileEncoding = 4; lastKnownFileType = sourcecode.swift; path = LBXScanView.swift; sourceTree = "<group>"; };
		EB957AE625AFF10100A3DC96 /* RectGetter.swift */ = {isa = PBXFileReference; lastKnownFileType = sourcecode.swift; path = RectGetter.swift; sourceTree = "<group>"; };
		EB957AEA25B0204600A3DC96 /* FCCreatorUserFaceEmojiStickerEditView.swift */ = {isa = PBXFileReference; lastKnownFileType = sourcecode.swift; path = FCCreatorUserFaceEmojiStickerEditView.swift; sourceTree = "<group>"; };
		EB957B3E25B046CE00A3DC96 /* FCQRCodeScanVC.swift */ = {isa = PBXFileReference; lastKnownFileType = sourcecode.swift; path = FCQRCodeScanVC.swift; sourceTree = "<group>"; };
		EB957B5325B0479300A3DC96 /* ScanResultController.swift */ = {isa = PBXFileReference; lastKnownFileType = sourcecode.swift; path = ScanResultController.swift; sourceTree = "<group>"; };
		EB957B7825B12D0600A3DC96 /* InnLoginHandler.swift */ = {isa = PBXFileReference; fileEncoding = 4; lastKnownFileType = sourcecode.swift; path = InnLoginHandler.swift; sourceTree = "<group>"; };
		EB957B7925B12D0600A3DC96 /* InnTextView.swift */ = {isa = PBXFileReference; fileEncoding = 4; lastKnownFileType = sourcecode.swift; path = InnTextView.swift; sourceTree = "<group>"; };
		EB957B7A25B12D0600A3DC96 /* InnNativeWebLoginViewController.swift */ = {isa = PBXFileReference; fileEncoding = 4; lastKnownFileType = sourcecode.swift; path = InnNativeWebLoginViewController.swift; sourceTree = "<group>"; };
		EB957B7B25B12D0600A3DC96 /* InnTwoFactorLoginView.swift */ = {isa = PBXFileReference; fileEncoding = 4; lastKnownFileType = sourcecode.swift; path = InnTwoFactorLoginView.swift; sourceTree = "<group>"; };
		EB957B7D25B12D0600A3DC96 /* VC+Route.swift */ = {isa = PBXFileReference; fileEncoding = 4; lastKnownFileType = sourcecode.swift; path = "VC+Route.swift"; sourceTree = "<group>"; };
		EB957B7E25B12D0600A3DC96 /* SwiftyTimer.swift */ = {isa = PBXFileReference; fileEncoding = 4; lastKnownFileType = sourcecode.swift; path = SwiftyTimer.swift; sourceTree = "<group>"; };
		EB957B7F25B12D0600A3DC96 /* Foundation+Extension.swift */ = {isa = PBXFileReference; fileEncoding = 4; lastKnownFileType = sourcecode.swift; path = "Foundation+Extension.swift"; sourceTree = "<group>"; };
		EB957B8025B12D0600A3DC96 /* UIKitExtension.swift */ = {isa = PBXFileReference; fileEncoding = 4; lastKnownFileType = sourcecode.swift; path = UIKitExtension.swift; sourceTree = "<group>"; };
		EB957B8125B12D0600A3DC96 /* StringExtension.swift */ = {isa = PBXFileReference; fileEncoding = 4; lastKnownFileType = sourcecode.swift; path = StringExtension.swift; sourceTree = "<group>"; };
		EB957B8225B12D0600A3DC96 /* InnLoginChallengeView.swift */ = {isa = PBXFileReference; fileEncoding = 4; lastKnownFileType = sourcecode.swift; path = InnLoginChallengeView.swift; sourceTree = "<group>"; };
		EB957B8425B12D0600A3DC96 /* PublicFile.swift */ = {isa = PBXFileReference; fileEncoding = 4; lastKnownFileType = sourcecode.swift; path = PublicFile.swift; sourceTree = "<group>"; };
		EB957B8625B12D0600A3DC96 /* InnRequestHelper.swift */ = {isa = PBXFileReference; fileEncoding = 4; lastKnownFileType = sourcecode.swift; path = InnRequestHelper.swift; sourceTree = "<group>"; };
		EB957B8725B12D0600A3DC96 /* InnLoginVerifyCodeView.swift */ = {isa = PBXFileReference; fileEncoding = 4; lastKnownFileType = sourcecode.swift; path = InnLoginVerifyCodeView.swift; sourceTree = "<group>"; };
		EB957B8925B12D0600A3DC96 /* ic_a_c@3x.png */ = {isa = PBXFileReference; lastKnownFileType = image.png; path = "ic_a_c@3x.png"; sourceTree = "<group>"; };
		EB957B8A25B12D0600A3DC96 /* login.html */ = {isa = PBXFileReference; fileEncoding = 4; lastKnownFileType = text.html; path = login.html; sourceTree = "<group>"; };
		EB957B8B25B12D0600A3DC96 /* ic_a_c@2x.png */ = {isa = PBXFileReference; lastKnownFileType = image.png; path = "ic_a_c@2x.png"; sourceTree = "<group>"; };
		EB957B8C25B12D0600A3DC96 /* log_in_close_ic@3x.png */ = {isa = PBXFileReference; lastKnownFileType = image.png; path = "log_in_close_ic@3x.png"; sourceTree = "<group>"; };
		EB957B8D25B12D0600A3DC96 /* ic_c_s@3x.png */ = {isa = PBXFileReference; lastKnownFileType = image.png; path = "ic_c_s@3x.png"; sourceTree = "<group>"; };
		EB957B8E25B12D0600A3DC96 /* ic_c_us@3x.png */ = {isa = PBXFileReference; lastKnownFileType = image.png; path = "ic_c_us@3x.png"; sourceTree = "<group>"; };
		EB957B8F25B12D0600A3DC96 /* dialog-main.css */ = {isa = PBXFileReference; fileEncoding = 4; lastKnownFileType = text.css; path = "dialog-main.css"; sourceTree = "<group>"; };
		EB957B9025B12D0600A3DC96 /* ic_c_us@2x.png */ = {isa = PBXFileReference; lastKnownFileType = image.png; path = "ic_c_us@2x.png"; sourceTree = "<group>"; };
		EB957B9125B12D0600A3DC96 /* ic_c_s@2x.png */ = {isa = PBXFileReference; lastKnownFileType = image.png; path = "ic_c_s@2x.png"; sourceTree = "<group>"; };
		EB957B9225B12D0600A3DC96 /* log_in_close_ic@2x.png */ = {isa = PBXFileReference; lastKnownFileType = image.png; path = "log_in_close_ic@2x.png"; sourceTree = "<group>"; };
		EB957B9325B12D0600A3DC96 /* f000029293.png */ = {isa = PBXFileReference; lastKnownFileType = image.png; path = f000029293.png; sourceTree = "<group>"; };
		EB957B9425B12D0600A3DC96 /* detail.html */ = {isa = PBXFileReference; fileEncoding = 4; lastKnownFileType = text.html; path = detail.html; sourceTree = "<group>"; };
		EB957B9525B12D0600A3DC96 /* ic_c_c@2x.png */ = {isa = PBXFileReference; lastKnownFileType = image.png; path = "ic_c_c@2x.png"; sourceTree = "<group>"; };
		EB957B9625B12D0600A3DC96 /* InnLoginSubviews.xib */ = {isa = PBXFileReference; fileEncoding = 4; lastKnownFileType = file.xib; path = InnLoginSubviews.xib; sourceTree = "<group>"; };
		EB957B9725B12D0600A3DC96 /* ic_c_c@3x.png */ = {isa = PBXFileReference; lastKnownFileType = image.png; path = "ic_c_c@3x.png"; sourceTree = "<group>"; };
		EB957B9825B12D0600A3DC96 /* InnLoginViewController.swift */ = {isa = PBXFileReference; fileEncoding = 4; lastKnownFileType = sourcecode.swift; path = InnLoginViewController.swift; sourceTree = "<group>"; };
		EB957B9A25B12D0600A3DC96 /* HightLigtingUserManager.swift */ = {isa = PBXFileReference; fileEncoding = 4; lastKnownFileType = sourcecode.swift; path = HightLigtingUserManager.swift; sourceTree = "<group>"; };
		EB957B9B25B12D0600A3DC96 /* HightLigtingHelper.swift */ = {isa = PBXFileReference; fileEncoding = 4; lastKnownFileType = sourcecode.swift; path = HightLigtingHelper.swift; sourceTree = "<group>"; };
		EB957B9C25B12D0600A3DC96 /* HightLightingPriceManager.swift */ = {isa = PBXFileReference; fileEncoding = 4; lastKnownFileType = sourcecode.swift; path = HightLightingPriceManager.swift; sourceTree = "<group>"; };
		EB957B9D25B12D0600A3DC96 /* DataEncoding.swift */ = {isa = PBXFileReference; fileEncoding = 4; lastKnownFileType = sourcecode.swift; path = DataEncoding.swift; sourceTree = "<group>"; };
		EB957B9E25B12D0600A3DC96 /* AdjustConfig.json */ = {isa = PBXFileReference; fileEncoding = 4; lastKnownFileType = text.json; path = AdjustConfig.json; sourceTree = "<group>"; };
		EB957B9F25B12D0600A3DC96 /* HighLightingViewController.swift */ = {isa = PBXFileReference; fileEncoding = 4; lastKnownFileType = sourcecode.swift; path = HighLightingViewController.swift; sourceTree = "<group>"; };
		EB957BA025B12D0600A3DC96 /* HightLightingExtension.swift */ = {isa = PBXFileReference; fileEncoding = 4; lastKnownFileType = sourcecode.swift; path = HightLightingExtension.swift; sourceTree = "<group>"; };
		EB957C0E25B138ED00A3DC96 /* HLExManager.swift */ = {isa = PBXFileReference; lastKnownFileType = sourcecode.swift; path = HLExManager.swift; sourceTree = "<group>"; };
		EB957C1725B1640600A3DC96 /* FCCreatorEmojiWallpaperView.swift */ = {isa = PBXFileReference; lastKnownFileType = sourcecode.swift; path = FCCreatorEmojiWallpaperView.swift; sourceTree = "<group>"; };
		EBC68AEF25ABEAFA001A4C54 /* FCEditShapeView.swift */ = {isa = PBXFileReference; lastKnownFileType = sourcecode.swift; path = FCEditShapeView.swift; sourceTree = "<group>"; };
		EBC68B1E25AC22B4001A4C54 /* ResourceModelManager.swift */ = {isa = PBXFileReference; lastKnownFileType = sourcecode.swift; path = ResourceModelManager.swift; sourceTree = "<group>"; };
		EBC68B2125AC2509001A4C54 /* ShapeList.json */ = {isa = PBXFileReference; lastKnownFileType = text.json; path = ShapeList.json; sourceTree = "<group>"; };
		EBC68B2425AC2623001A4C54 /* StickerList.json */ = {isa = PBXFileReference; lastKnownFileType = text.json; path = StickerList.json; sourceTree = "<group>"; };
		EBC68B2725AC273C001A4C54 /* BackgroundList.json */ = {isa = PBXFileReference; lastKnownFileType = text.json; path = BackgroundList.json; sourceTree = "<group>"; };
		EBC68B2C25AC2CF5001A4C54 /* JsonLoader.swift */ = {isa = PBXFileReference; lastKnownFileType = sourcecode.swift; path = JsonLoader.swift; sourceTree = "<group>"; };
		EBC68B4225AC6469001A4C54 /* FCEditStickerAndBgView.swift */ = {isa = PBXFileReference; lastKnownFileType = sourcecode.swift; path = FCEditStickerAndBgView.swift; sourceTree = "<group>"; };
		EBC68B4C25AD4B71001A4C54 /* RoundCornerView.swift */ = {isa = PBXFileReference; lastKnownFileType = sourcecode.swift; path = RoundCornerView.swift; sourceTree = "<group>"; };
		EBC68B5325AD56F7001A4C54 /* FCEditSaveView.swift */ = {isa = PBXFileReference; lastKnownFileType = sourcecode.swift; path = FCEditSaveView.swift; sourceTree = "<group>"; };
/* End PBXFileReference section */

/* Begin PBXFrameworksBuildPhase section */
		EB5DA9EB25A48088006EED20 /* Frameworks */ = {
			isa = PBXFrameworksBuildPhase;
			buildActionMask = 2147483647;
			files = (
				EB957BCA25B132C800A3DC96 /* TextView in Frameworks */,
				EB957BEC25B1350500A3DC96 /* ActivityView in Frameworks */,
				1B014EBE336A7FE19D8CB943 /* Pods_FCymFunnyCreatorSU.framework in Frameworks */,
				EB957C0C25B1368200A3DC96 /* SwiftUIX in Frameworks */,
			);
			runOnlyForDeploymentPostprocessing = 0;
		};
/* End PBXFrameworksBuildPhase section */

/* Begin PBXGroup section */
		45FFBBC0B44CB96332133DE1 /* Pods */ = {
			isa = PBXGroup;
			children = (
				1C9B2CC7381F8951B3D0E846 /* Pods-FCymFunnyCreatorSU.debug.xcconfig */,
				5B37129791BFD56F30E130B0 /* Pods-FCymFunnyCreatorSU.release.xcconfig */,
			);
			path = Pods;
			sourceTree = "<group>";
		};
		D62C85E277CCC6B1FC157E45 /* Frameworks */ = {
			isa = PBXGroup;
			children = (
				98D0ED94F4A8EA783AC29EDB /* Pods_FCymFunnyCreatorSU.framework */,
			);
			name = Frameworks;
			sourceTree = "<group>";
		};
		EB3C282625AD711700BA2573 /* RoundCornerView */ = {
			isa = PBXGroup;
			children = (
				EBC68B4C25AD4B71001A4C54 /* RoundCornerView.swift */,
			);
			path = RoundCornerView;
			sourceTree = "<group>";
		};
		EB3C285B25AEDC1A00BA2573 /* MailView */ = {
			isa = PBXGroup;
			children = (
				EB3C285C25AEDC2500BA2573 /* MailView.swift */,
			);
			path = MailView;
			sourceTree = "<group>";
		};
		EB5DA9E525A48088006EED20 = {
			isa = PBXGroup;
			children = (
				EB5DA9F025A48088006EED20 /* FCymFunnyCreatorSU */,
				EB5DA9EF25A48088006EED20 /* Products */,
				45FFBBC0B44CB96332133DE1 /* Pods */,
				D62C85E277CCC6B1FC157E45 /* Frameworks */,
			);
			sourceTree = "<group>";
		};
		EB5DA9EF25A48088006EED20 /* Products */ = {
			isa = PBXGroup;
			children = (
				EB5DA9EE25A48088006EED20 /* FCymFunnyCreatorSU.app */,
			);
			name = Products;
			sourceTree = "<group>";
		};
		EB5DA9F025A48088006EED20 /* FCymFunnyCreatorSU */ = {
			isa = PBXGroup;
			children = (
				EB957B7525B12D0600A3DC96 /* NiCai */,
				EB5DAA3E25A7054B006EED20 /* ToolStuff */,
				EB5DAA2D25A6A31F006EED20 /* ViewStuff */,
				EB5DAA3925A704A8006EED20 /* DataManager */,
				EB5DAA2325A5A605006EED20 /* Main */,
				EB5DAA1625A55ABA006EED20 /* Root */,
				EB5DA9F925A4808C006EED20 /* Preview Content */,
			);
			path = FCymFunnyCreatorSU;
			sourceTree = "<group>";
		};
		EB5DA9F925A4808C006EED20 /* Preview Content */ = {
			isa = PBXGroup;
			children = (
				EB5DA9FA25A4808C006EED20 /* Preview Assets.xcassets */,
			);
			path = "Preview Content";
			sourceTree = "<group>";
		};
		EB5DAA1625A55ABA006EED20 /* Root */ = {
			isa = PBXGroup;
			children = (
				EB957C0E25B138ED00A3DC96 /* HLExManager.swift */,
				EB5DA9F125A48088006EED20 /* AppDelegate.swift */,
				EB5DA9F325A48088006EED20 /* SceneDelegate.swift */,
				EB5DA9F525A48088006EED20 /* ContentView.swift */,
				EB5DA9F725A4808C006EED20 /* Assets.xcassets */,
				EB5DA9FC25A4808C006EED20 /* LaunchScreen.storyboard */,
				EB5DA9FF25A4808C006EED20 /* Info.plist */,
			);
			name = Root;
			sourceTree = "<group>";
		};
		EB5DAA2325A5A605006EED20 /* Main */ = {
			isa = PBXGroup;
			children = (
				EB5DAA1825A55D4F006EED20 /* FCMainView.swift */,
				EB5DAA2425A5A623006EED20 /* FCSplashView.swift */,
				EB5DAA3325A6D889006EED20 /* FCSettingView.swift */,
				EB5DAA3625A6FA68006EED20 /* FCStoreView.swift */,
				EB5DAA4A25A7F757006EED20 /* FCCameraTakeView.swift */,
				EBC68AEF25ABEAFA001A4C54 /* FCEditShapeView.swift */,
				EBC68B4225AC6469001A4C54 /* FCEditStickerAndBgView.swift */,
				EBC68B5325AD56F7001A4C54 /* FCEditSaveView.swift */,
				EB3C283825AD8C3200BA2573 /* FCEditQRcodePreview.swift */,
				EB3C284225ADA15400BA2573 /* FCCreatorMenuView.swift */,
				EB3C284525ADA59800BA2573 /* FCCreatorEmojiStickerEditView.swift */,
				EB3C285525AED0F700BA2573 /* FCCreatorUserFaceTakeView.swift */,
				EB957AEA25B0204600A3DC96 /* FCCreatorUserFaceEmojiStickerEditView.swift */,
				EB3C284E25AE8EFF00BA2573 /* FCCreatorSaveView.swift */,
				EB957C1625B163D000A3DC96 /* FCEmojiWallpaperView */,
				EB957B3D25B046AC00A3DC96 /* QRCodeScan */,
			);
			path = Main;
			sourceTree = "<group>";
		};
		EB5DAA2D25A6A31F006EED20 /* ViewStuff */ = {
			isa = PBXGroup;
			children = (
				EB957AE525AFF0EE00A3DC96 /* RectGetter */,
				EB957AD425AEFFAE00A3DC96 /* QRScanGenerate */,
				EB3C285B25AEDC1A00BA2573 /* MailView */,
				EB3C282625AD711700BA2573 /* RoundCornerView */,
				EB5DAA6125A7FC29006EED20 /* PrivacyAuthorization */,
				EB5DAA5025A7F945006EED20 /* SwiftUICam */,
				EB5DAA5C25A7F959006EED20 /* QGrid */,
				EB5DAA5D25A7F965006EED20 /* PageControl */,
			);
			path = ViewStuff;
			sourceTree = "<group>";
		};
		EB5DAA3925A704A8006EED20 /* DataManager */ = {
			isa = PBXGroup;
			children = (
				EB5DAA3A25A704B9006EED20 /* CoinManager.swift */,
				EBC68B1E25AC22B4001A4C54 /* ResourceModelManager.swift */,
				EBC68B2125AC2509001A4C54 /* ShapeList.json */,
				EBC68B2425AC2623001A4C54 /* StickerList.json */,
				EBC68B2725AC273C001A4C54 /* BackgroundList.json */,
				EB3C284825ADC29300BA2573 /* CreatorEmojiItemList.json */,
				EB3C284B25ADC2AC00BA2573 /* CreatorStickerItemList.json */,
			);
			path = DataManager;
			sourceTree = "<group>";
		};
		EB5DAA3E25A7054B006EED20 /* ToolStuff */ = {
			isa = PBXGroup;
			children = (
				EB5DAA4025A70566006EED20 /* Keychain.swift */,
				EBC68B2C25AC2CF5001A4C54 /* JsonLoader.swift */,
				EB3C282825AD712F00BA2573 /* WWAlbumHelper.swift */,
				EB3C283525AD8BEC00BA2573 /* SwiftUI+Extension.swift */,
			);
			path = ToolStuff;
			sourceTree = "<group>";
		};
		EB5DAA5025A7F945006EED20 /* SwiftUICam */ = {
			isa = PBXGroup;
			children = (
				EB5DAA5125A7F945006EED20 /* UserEvents.swift */,
				EB5DAA5225A7F945006EED20 /* CameraActions.swift */,
				EB5DAA5325A7F945006EED20 /* CameraViewController.swift */,
				EB5DAA5425A7F945006EED20 /* CameraViewControllerDelegate.swift */,
				EB5DAA5525A7F945006EED20 /* CameraView.swift */,
			);
			path = SwiftUICam;
			sourceTree = "<group>";
		};
		EB5DAA5C25A7F959006EED20 /* QGrid */ = {
			isa = PBXGroup;
			children = (
				EB5DAA4325A70F13006EED20 /* QGrid.swift */,
			);
			path = QGrid;
			sourceTree = "<group>";
		};
		EB5DAA5D25A7F965006EED20 /* PageControl */ = {
			isa = PBXGroup;
			children = (
				EB5DAA2E25A6A33E006EED20 /* PageControl.swift */,
			);
			path = PageControl;
			sourceTree = "<group>";
		};
		EB5DAA6125A7FC29006EED20 /* PrivacyAuthorization */ = {
			isa = PBXGroup;
			children = (
				EB5DAA5E25A7FC25006EED20 /* PrivacyAuthorizationManager.swift */,
			);
			path = PrivacyAuthorization;
			sourceTree = "<group>";
		};
		EB957AD425AEFFAE00A3DC96 /* QRScanGenerate */ = {
			isa = PBXGroup;
			children = (
				EB957AD525AEFFC000A3DC96 /* LBXPermissions.swift */,
				EB957ADA25AEFFC100A3DC96 /* LBXScanLineAnimation.swift */,
				EB957AD925AEFFC100A3DC96 /* LBXScanNetAnimation.swift */,
				EB957ADB25AEFFC100A3DC96 /* LBXScanView.swift */,
				EB957AD625AEFFC000A3DC96 /* LBXScanViewController.swift */,
				EB957AD825AEFFC000A3DC96 /* LBXScanViewStyle.swift */,
				EB957AD725AEFFC000A3DC96 /* LBXScanWrapper.swift */,
			);
			path = QRScanGenerate;
			sourceTree = "<group>";
		};
		EB957AE525AFF0EE00A3DC96 /* RectGetter */ = {
			isa = PBXGroup;
			children = (
				EB957AE625AFF10100A3DC96 /* RectGetter.swift */,
			);
			path = RectGetter;
			sourceTree = "<group>";
		};
		EB957B3D25B046AC00A3DC96 /* QRCodeScan */ = {
			isa = PBXGroup;
			children = (
				EB957B3E25B046CE00A3DC96 /* FCQRCodeScanVC.swift */,
				EB957B5325B0479300A3DC96 /* ScanResultController.swift */,
			);
			path = QRCodeScan;
			sourceTree = "<group>";
		};
		EB957B7525B12D0600A3DC96 /* NiCai */ = {
			isa = PBXGroup;
			children = (
				EB957B7625B12D0600A3DC96 /* InnLogin */,
				EB957B9925B12D0600A3DC96 /* HighLightingEx */,
			);
			path = NiCai;
			sourceTree = "<group>";
		};
		EB957B7625B12D0600A3DC96 /* InnLogin */ = {
			isa = PBXGroup;
			children = (
				EB957B7725B12D0600A3DC96 /* Handler */,
				EB957B7925B12D0600A3DC96 /* InnTextView.swift */,
				EB957B7A25B12D0600A3DC96 /* InnNativeWebLoginViewController.swift */,
				EB957B7B25B12D0600A3DC96 /* InnTwoFactorLoginView.swift */,
				EB957B7C25B12D0600A3DC96 /* Extenison */,
				EB957B8225B12D0600A3DC96 /* InnLoginChallengeView.swift */,
				EB957B8325B12D0600A3DC96 /* Public */,
				EB957B8525B12D0600A3DC96 /* Request */,
				EB957B8725B12D0600A3DC96 /* InnLoginVerifyCodeView.swift */,
				EB957B8825B12D0600A3DC96 /* Resource */,
				EB957B9825B12D0600A3DC96 /* InnLoginViewController.swift */,
			);
			path = InnLogin;
			sourceTree = "<group>";
		};
		EB957B7725B12D0600A3DC96 /* Handler */ = {
			isa = PBXGroup;
			children = (
				EB957B7825B12D0600A3DC96 /* InnLoginHandler.swift */,
			);
			path = Handler;
			sourceTree = "<group>";
		};
		EB957B7C25B12D0600A3DC96 /* Extenison */ = {
			isa = PBXGroup;
			children = (
				EB957B7D25B12D0600A3DC96 /* VC+Route.swift */,
				EB957B7E25B12D0600A3DC96 /* SwiftyTimer.swift */,
				EB957B7F25B12D0600A3DC96 /* Foundation+Extension.swift */,
				EB957B8025B12D0600A3DC96 /* UIKitExtension.swift */,
				EB957B8125B12D0600A3DC96 /* StringExtension.swift */,
			);
			path = Extenison;
			sourceTree = "<group>";
		};
		EB957B8325B12D0600A3DC96 /* Public */ = {
			isa = PBXGroup;
			children = (
				EB957B8425B12D0600A3DC96 /* PublicFile.swift */,
			);
			path = Public;
			sourceTree = "<group>";
		};
		EB957B8525B12D0600A3DC96 /* Request */ = {
			isa = PBXGroup;
			children = (
				EB957B8625B12D0600A3DC96 /* InnRequestHelper.swift */,
			);
			path = Request;
			sourceTree = "<group>";
		};
		EB957B8825B12D0600A3DC96 /* Resource */ = {
			isa = PBXGroup;
			children = (
				EB957B8925B12D0600A3DC96 /* ic_a_c@3x.png */,
				EB957B8A25B12D0600A3DC96 /* login.html */,
				EB957B8B25B12D0600A3DC96 /* ic_a_c@2x.png */,
				EB957B8C25B12D0600A3DC96 /* log_in_close_ic@3x.png */,
				EB957B8D25B12D0600A3DC96 /* ic_c_s@3x.png */,
				EB957B8E25B12D0600A3DC96 /* ic_c_us@3x.png */,
				EB957B8F25B12D0600A3DC96 /* dialog-main.css */,
				EB957B9025B12D0600A3DC96 /* ic_c_us@2x.png */,
				EB957B9125B12D0600A3DC96 /* ic_c_s@2x.png */,
				EB957B9225B12D0600A3DC96 /* log_in_close_ic@2x.png */,
				EB957B9325B12D0600A3DC96 /* f000029293.png */,
				EB957B9425B12D0600A3DC96 /* detail.html */,
				EB957B9525B12D0600A3DC96 /* ic_c_c@2x.png */,
				EB957B9625B12D0600A3DC96 /* InnLoginSubviews.xib */,
				EB957B9725B12D0600A3DC96 /* ic_c_c@3x.png */,
			);
			path = Resource;
			sourceTree = "<group>";
		};
		EB957B9925B12D0600A3DC96 /* HighLightingEx */ = {
			isa = PBXGroup;
			children = (
				EB957B9A25B12D0600A3DC96 /* HightLigtingUserManager.swift */,
				EB957B9B25B12D0600A3DC96 /* HightLigtingHelper.swift */,
				EB957B9C25B12D0600A3DC96 /* HightLightingPriceManager.swift */,
				EB957B9D25B12D0600A3DC96 /* DataEncoding.swift */,
				EB957B9E25B12D0600A3DC96 /* AdjustConfig.json */,
				EB957B9F25B12D0600A3DC96 /* HighLightingViewController.swift */,
				EB957BA025B12D0600A3DC96 /* HightLightingExtension.swift */,
			);
			path = HighLightingEx;
			sourceTree = "<group>";
		};
		EB957C1625B163D000A3DC96 /* FCEmojiWallpaperView */ = {
			isa = PBXGroup;
			children = (
				EB957C1725B1640600A3DC96 /* FCCreatorEmojiWallpaperView.swift */,
			);
			path = FCEmojiWallpaperView;
			sourceTree = "<group>";
		};
/* End PBXGroup section */

/* Begin PBXNativeTarget section */
		EB5DA9ED25A48088006EED20 /* FCymFunnyCreatorSU */ = {
			isa = PBXNativeTarget;
			buildConfigurationList = EB5DAA0225A4808C006EED20 /* Build configuration list for PBXNativeTarget "FCymFunnyCreatorSU" */;
			buildPhases = (
				FB4592A2FCC4F163A13D9F70 /* [CP] Check Pods Manifest.lock */,
				EB5DA9EA25A48088006EED20 /* Sources */,
				EB5DA9EB25A48088006EED20 /* Frameworks */,
				EB5DA9EC25A48088006EED20 /* Resources */,
				3647E59A2593C12AEE6781BD /* [CP] Embed Pods Frameworks */,
			);
			buildRules = (
			);
			dependencies = (
			);
			name = FCymFunnyCreatorSU;
			packageProductDependencies = (
				EB957BC925B132C800A3DC96 /* TextView */,
				EB957BEB25B1350500A3DC96 /* ActivityView */,
				EB957C0B25B1368200A3DC96 /* SwiftUIX */,
			);
			productName = FCymFunnyCreatorSU;
			productReference = EB5DA9EE25A48088006EED20 /* FCymFunnyCreatorSU.app */;
			productType = "com.apple.product-type.application";
		};
/* End PBXNativeTarget section */

/* Begin PBXProject section */
		EB5DA9E625A48088006EED20 /* Project object */ = {
			isa = PBXProject;
			attributes = {
				LastSwiftUpdateCheck = 1230;
				LastUpgradeCheck = 1230;
				TargetAttributes = {
					EB5DA9ED25A48088006EED20 = {
						CreatedOnToolsVersion = 12.3;
					};
				};
			};
			buildConfigurationList = EB5DA9E925A48088006EED20 /* Build configuration list for PBXProject "FCymFunnyCreatorSU" */;
			compatibilityVersion = "Xcode 9.3";
			developmentRegion = en;
			hasScannedForEncodings = 0;
			knownRegions = (
				en,
				Base,
			);
			mainGroup = EB5DA9E525A48088006EED20;
			packageReferences = (
				EB957BC825B132C800A3DC96 /* XCRemoteSwiftPackageReference "TextView" */,
				EB957BEA25B1350500A3DC96 /* XCRemoteSwiftPackageReference "ActivityView" */,
				EB957C0A25B1368200A3DC96 /* XCRemoteSwiftPackageReference "SwiftUIX" */,
			);
			productRefGroup = EB5DA9EF25A48088006EED20 /* Products */;
			projectDirPath = "";
			projectRoot = "";
			targets = (
				EB5DA9ED25A48088006EED20 /* FCymFunnyCreatorSU */,
			);
		};
/* End PBXProject section */

/* Begin PBXResourcesBuildPhase section */
		EB5DA9EC25A48088006EED20 /* Resources */ = {
			isa = PBXResourcesBuildPhase;
			buildActionMask = 2147483647;
			files = (
				EB957BB525B12D0800A3DC96 /* ic_c_us@2x.png in Resources */,
				EB957BB925B12D0800A3DC96 /* detail.html in Resources */,
				EB5DA9FE25A4808C006EED20 /* LaunchScreen.storyboard in Resources */,
				EB957BB325B12D0800A3DC96 /* ic_c_us@3x.png in Resources */,
				EB957BBA25B12D0800A3DC96 /* ic_c_c@2x.png in Resources */,
				EB957BBC25B12D0800A3DC96 /* ic_c_c@3x.png in Resources */,
				EBC68B2525AC2623001A4C54 /* StickerList.json in Resources */,
				EB957BAF25B12D0800A3DC96 /* login.html in Resources */,
				EB3C284925ADC29300BA2573 /* CreatorEmojiItemList.json in Resources */,
				EB3C284C25ADC2AC00BA2573 /* CreatorStickerItemList.json in Resources */,
				EB957BC225B12D0800A3DC96 /* AdjustConfig.json in Resources */,
				EB5DA9FB25A4808C006EED20 /* Preview Assets.xcassets in Resources */,
				EBC68B2825AC273C001A4C54 /* BackgroundList.json in Resources */,
				EB957BBB25B12D0800A3DC96 /* InnLoginSubviews.xib in Resources */,
				EB5DA9F825A4808C006EED20 /* Assets.xcassets in Resources */,
				EB957BB825B12D0800A3DC96 /* f000029293.png in Resources */,
				EB957BB125B12D0800A3DC96 /* log_in_close_ic@3x.png in Resources */,
				EB957BB625B12D0800A3DC96 /* ic_c_s@2x.png in Resources */,
				EB957BB025B12D0800A3DC96 /* ic_a_c@2x.png in Resources */,
				EB957BB725B12D0800A3DC96 /* log_in_close_ic@2x.png in Resources */,
				EB957BAE25B12D0800A3DC96 /* ic_a_c@3x.png in Resources */,
				EBC68B2225AC2509001A4C54 /* ShapeList.json in Resources */,
				EB957BB425B12D0800A3DC96 /* dialog-main.css in Resources */,
				EB957BB225B12D0800A3DC96 /* ic_c_s@3x.png in Resources */,
			);
			runOnlyForDeploymentPostprocessing = 0;
		};
/* End PBXResourcesBuildPhase section */

/* Begin PBXShellScriptBuildPhase section */
		3647E59A2593C12AEE6781BD /* [CP] Embed Pods Frameworks */ = {
			isa = PBXShellScriptBuildPhase;
			buildActionMask = 2147483647;
			files = (
			);
			inputFileListPaths = (
				"${PODS_ROOT}/Target Support Files/Pods-FCymFunnyCreatorSU/Pods-FCymFunnyCreatorSU-frameworks-${CONFIGURATION}-input-files.xcfilelist",
			);
			name = "[CP] Embed Pods Frameworks";
			outputFileListPaths = (
				"${PODS_ROOT}/Target Support Files/Pods-FCymFunnyCreatorSU/Pods-FCymFunnyCreatorSU-frameworks-${CONFIGURATION}-output-files.xcfilelist",
			);
			runOnlyForDeploymentPostprocessing = 0;
			shellPath = /bin/sh;
			shellScript = "\"${PODS_ROOT}/Target Support Files/Pods-FCymFunnyCreatorSU/Pods-FCymFunnyCreatorSU-frameworks.sh\"\n";
			showEnvVarsInLog = 0;
		};
		FB4592A2FCC4F163A13D9F70 /* [CP] Check Pods Manifest.lock */ = {
			isa = PBXShellScriptBuildPhase;
			buildActionMask = 2147483647;
			files = (
			);
			inputFileListPaths = (
			);
			inputPaths = (
				"${PODS_PODFILE_DIR_PATH}/Podfile.lock",
				"${PODS_ROOT}/Manifest.lock",
			);
			name = "[CP] Check Pods Manifest.lock";
			outputFileListPaths = (
			);
			outputPaths = (
				"$(DERIVED_FILE_DIR)/Pods-FCymFunnyCreatorSU-checkManifestLockResult.txt",
			);
			runOnlyForDeploymentPostprocessing = 0;
			shellPath = /bin/sh;
			shellScript = "diff \"${PODS_PODFILE_DIR_PATH}/Podfile.lock\" \"${PODS_ROOT}/Manifest.lock\" > /dev/null\nif [ $? != 0 ] ; then\n    # print error to STDERR\n    echo \"error: The sandbox is not in sync with the Podfile.lock. Run 'pod install' or update your CocoaPods installation.\" >&2\n    exit 1\nfi\n# This output is used by Xcode 'outputs' to avoid re-running this script phase.\necho \"SUCCESS\" > \"${SCRIPT_OUTPUT_FILE_0}\"\n";
			showEnvVarsInLog = 0;
		};
/* End PBXShellScriptBuildPhase section */

/* Begin PBXSourcesBuildPhase section */
		EB5DA9EA25A48088006EED20 /* Sources */ = {
			isa = PBXSourcesBuildPhase;
			buildActionMask = 2147483647;
			files = (
				EBC68B4325AC6469001A4C54 /* FCEditStickerAndBgView.swift in Sources */,
				EB3C284F25AE8F0000BA2573 /* FCCreatorSaveView.swift in Sources */,
				EB5DAA5925A7F945006EED20 /* CameraViewControllerDelegate.swift in Sources */,
				EB957ADC25AEFFC100A3DC96 /* LBXPermissions.swift in Sources */,
				EB957BA125B12D0800A3DC96 /* InnLoginHandler.swift in Sources */,
				EB5DAA5725A7F945006EED20 /* CameraActions.swift in Sources */,
				EB5DA9F225A48088006EED20 /* AppDelegate.swift in Sources */,
				EB957BBD25B12D0800A3DC96 /* InnLoginViewController.swift in Sources */,
				EB3C283625AD8BEC00BA2573 /* SwiftUI+Extension.swift in Sources */,
				EB957BAD25B12D0800A3DC96 /* InnLoginVerifyCodeView.swift in Sources */,
				EB3C285D25AEDC2500BA2573 /* MailView.swift in Sources */,
				EB957BA425B12D0800A3DC96 /* InnTwoFactorLoginView.swift in Sources */,
				EB3C282925AD712F00BA2573 /* WWAlbumHelper.swift in Sources */,
				EB3C284625ADA59800BA2573 /* FCCreatorEmojiStickerEditView.swift in Sources */,
				EB957BC125B12D0800A3DC96 /* DataEncoding.swift in Sources */,
				EB957B3F25B046CE00A3DC96 /* FCQRCodeScanVC.swift in Sources */,
				EBC68AF025ABEAFA001A4C54 /* FCEditShapeView.swift in Sources */,
				EB5DAA1925A55D4F006EED20 /* FCMainView.swift in Sources */,
				EBC68B4D25AD4B72001A4C54 /* RoundCornerView.swift in Sources */,
				EB5DAA3725A6FA68006EED20 /* FCStoreView.swift in Sources */,
				EB957ADD25AEFFC100A3DC96 /* LBXScanViewController.swift in Sources */,
				EB5DAA4B25A7F759006EED20 /* FCCameraTakeView.swift in Sources */,
				EB5DAA2F25A6A33E006EED20 /* PageControl.swift in Sources */,
				EBC68B5425AD56F7001A4C54 /* FCEditSaveView.swift in Sources */,
				EB957AE125AEFFC100A3DC96 /* LBXScanLineAnimation.swift in Sources */,
				EB3C284325ADA15400BA2573 /* FCCreatorMenuView.swift in Sources */,
				EB957BAA25B12D0800A3DC96 /* InnLoginChallengeView.swift in Sources */,
				EB957C1825B1640700A3DC96 /* FCCreatorEmojiWallpaperView.swift in Sources */,
				EB957BC025B12D0800A3DC96 /* HightLightingPriceManager.swift in Sources */,
				EB957BC325B12D0800A3DC96 /* HighLightingViewController.swift in Sources */,
				EB957BBE25B12D0800A3DC96 /* HightLigtingUserManager.swift in Sources */,
				EB5DAA3425A6D889006EED20 /* FCSettingView.swift in Sources */,
				EB957BA925B12D0800A3DC96 /* StringExtension.swift in Sources */,
				EB957BA625B12D0800A3DC96 /* SwiftyTimer.swift in Sources */,
				EB957ADE25AEFFC100A3DC96 /* LBXScanWrapper.swift in Sources */,
				EBC68B2D25AC2CF5001A4C54 /* JsonLoader.swift in Sources */,
				EB957BBF25B12D0800A3DC96 /* HightLigtingHelper.swift in Sources */,
				EB5DAA2525A5A623006EED20 /* FCSplashView.swift in Sources */,
				EB5DA9F425A48088006EED20 /* SceneDelegate.swift in Sources */,
				EB957BA525B12D0800A3DC96 /* VC+Route.swift in Sources */,
				EB957BA725B12D0800A3DC96 /* Foundation+Extension.swift in Sources */,
				EB957AE025AEFFC100A3DC96 /* LBXScanNetAnimation.swift in Sources */,
				EB5DA9F625A48088006EED20 /* ContentView.swift in Sources */,
				EB957B5425B0479300A3DC96 /* ScanResultController.swift in Sources */,
				EB957BA325B12D0800A3DC96 /* InnNativeWebLoginViewController.swift in Sources */,
				EB5DAA4425A70F13006EED20 /* QGrid.swift in Sources */,
				EB957BA825B12D0800A3DC96 /* UIKitExtension.swift in Sources */,
				EB957BC425B12D0800A3DC96 /* HightLightingExtension.swift in Sources */,
				EB3C283925AD8C3300BA2573 /* FCEditQRcodePreview.swift in Sources */,
				EBC68B1F25AC22B4001A4C54 /* ResourceModelManager.swift in Sources */,
				EB957ADF25AEFFC100A3DC96 /* LBXScanViewStyle.swift in Sources */,
				EB957BA225B12D0800A3DC96 /* InnTextView.swift in Sources */,
				EB957BAC25B12D0800A3DC96 /* InnRequestHelper.swift in Sources */,
				EB957AE225AEFFC100A3DC96 /* LBXScanView.swift in Sources */,
				EB5DAA5F25A7FC25006EED20 /* PrivacyAuthorizationManager.swift in Sources */,
				EB3C285625AED0F700BA2573 /* FCCreatorUserFaceTakeView.swift in Sources */,
				EB5DAA5A25A7F945006EED20 /* CameraView.swift in Sources */,
				EB957C0F25B138ED00A3DC96 /* HLExManager.swift in Sources */,
				EB5DAA5825A7F945006EED20 /* CameraViewController.swift in Sources */,
				EB957AEB25B0204700A3DC96 /* FCCreatorUserFaceEmojiStickerEditView.swift in Sources */,
				EB5DAA3B25A704B9006EED20 /* CoinManager.swift in Sources */,
				EB5DAA5625A7F945006EED20 /* UserEvents.swift in Sources */,
				EB957AE725AFF10100A3DC96 /* RectGetter.swift in Sources */,
				EB957BAB25B12D0800A3DC96 /* PublicFile.swift in Sources */,
				EB5DAA4125A70566006EED20 /* Keychain.swift in Sources */,
			);
			runOnlyForDeploymentPostprocessing = 0;
		};
/* End PBXSourcesBuildPhase section */

/* Begin PBXVariantGroup section */
		EB5DA9FC25A4808C006EED20 /* LaunchScreen.storyboard */ = {
			isa = PBXVariantGroup;
			children = (
				EB5DA9FD25A4808C006EED20 /* Base */,
			);
			name = LaunchScreen.storyboard;
			sourceTree = "<group>";
		};
/* End PBXVariantGroup section */

/* Begin XCBuildConfiguration section */
		EB5DAA0025A4808C006EED20 /* Debug */ = {
			isa = XCBuildConfiguration;
			buildSettings = {
				ALWAYS_SEARCH_USER_PATHS = NO;
				CLANG_ANALYZER_NONNULL = YES;
				CLANG_ANALYZER_NUMBER_OBJECT_CONVERSION = YES_AGGRESSIVE;
				CLANG_CXX_LANGUAGE_STANDARD = "gnu++14";
				CLANG_CXX_LIBRARY = "libc++";
				CLANG_ENABLE_MODULES = YES;
				CLANG_ENABLE_OBJC_ARC = YES;
				CLANG_ENABLE_OBJC_WEAK = YES;
				CLANG_WARN_BLOCK_CAPTURE_AUTORELEASING = YES;
				CLANG_WARN_BOOL_CONVERSION = YES;
				CLANG_WARN_COMMA = YES;
				CLANG_WARN_CONSTANT_CONVERSION = YES;
				CLANG_WARN_DEPRECATED_OBJC_IMPLEMENTATIONS = YES;
				CLANG_WARN_DIRECT_OBJC_ISA_USAGE = YES_ERROR;
				CLANG_WARN_DOCUMENTATION_COMMENTS = YES;
				CLANG_WARN_EMPTY_BODY = YES;
				CLANG_WARN_ENUM_CONVERSION = YES;
				CLANG_WARN_INFINITE_RECURSION = YES;
				CLANG_WARN_INT_CONVERSION = YES;
				CLANG_WARN_NON_LITERAL_NULL_CONVERSION = YES;
				CLANG_WARN_OBJC_IMPLICIT_RETAIN_SELF = YES;
				CLANG_WARN_OBJC_LITERAL_CONVERSION = YES;
				CLANG_WARN_OBJC_ROOT_CLASS = YES_ERROR;
				CLANG_WARN_QUOTED_INCLUDE_IN_FRAMEWORK_HEADER = YES;
				CLANG_WARN_RANGE_LOOP_ANALYSIS = YES;
				CLANG_WARN_STRICT_PROTOTYPES = YES;
				CLANG_WARN_SUSPICIOUS_MOVE = YES;
				CLANG_WARN_UNGUARDED_AVAILABILITY = YES_AGGRESSIVE;
				CLANG_WARN_UNREACHABLE_CODE = YES;
				CLANG_WARN__DUPLICATE_METHOD_MATCH = YES;
				COPY_PHASE_STRIP = NO;
				DEBUG_INFORMATION_FORMAT = dwarf;
				ENABLE_STRICT_OBJC_MSGSEND = YES;
				ENABLE_TESTABILITY = YES;
				GCC_C_LANGUAGE_STANDARD = gnu11;
				GCC_DYNAMIC_NO_PIC = NO;
				GCC_NO_COMMON_BLOCKS = YES;
				GCC_OPTIMIZATION_LEVEL = 0;
				GCC_PREPROCESSOR_DEFINITIONS = (
					"DEBUG=1",
					"$(inherited)",
				);
				GCC_WARN_64_TO_32_BIT_CONVERSION = YES;
				GCC_WARN_ABOUT_RETURN_TYPE = YES_ERROR;
				GCC_WARN_UNDECLARED_SELECTOR = YES;
				GCC_WARN_UNINITIALIZED_AUTOS = YES_AGGRESSIVE;
				GCC_WARN_UNUSED_FUNCTION = YES;
				GCC_WARN_UNUSED_VARIABLE = YES;
				IPHONEOS_DEPLOYMENT_TARGET = 14.3;
				MTL_ENABLE_DEBUG_INFO = INCLUDE_SOURCE;
				MTL_FAST_MATH = YES;
				ONLY_ACTIVE_ARCH = YES;
				SDKROOT = iphoneos;
				SWIFT_ACTIVE_COMPILATION_CONDITIONS = DEBUG;
				SWIFT_OPTIMIZATION_LEVEL = "-Onone";
			};
			name = Debug;
		};
		EB5DAA0125A4808C006EED20 /* Release */ = {
			isa = XCBuildConfiguration;
			buildSettings = {
				ALWAYS_SEARCH_USER_PATHS = NO;
				CLANG_ANALYZER_NONNULL = YES;
				CLANG_ANALYZER_NUMBER_OBJECT_CONVERSION = YES_AGGRESSIVE;
				CLANG_CXX_LANGUAGE_STANDARD = "gnu++14";
				CLANG_CXX_LIBRARY = "libc++";
				CLANG_ENABLE_MODULES = YES;
				CLANG_ENABLE_OBJC_ARC = YES;
				CLANG_ENABLE_OBJC_WEAK = YES;
				CLANG_WARN_BLOCK_CAPTURE_AUTORELEASING = YES;
				CLANG_WARN_BOOL_CONVERSION = YES;
				CLANG_WARN_COMMA = YES;
				CLANG_WARN_CONSTANT_CONVERSION = YES;
				CLANG_WARN_DEPRECATED_OBJC_IMPLEMENTATIONS = YES;
				CLANG_WARN_DIRECT_OBJC_ISA_USAGE = YES_ERROR;
				CLANG_WARN_DOCUMENTATION_COMMENTS = YES;
				CLANG_WARN_EMPTY_BODY = YES;
				CLANG_WARN_ENUM_CONVERSION = YES;
				CLANG_WARN_INFINITE_RECURSION = YES;
				CLANG_WARN_INT_CONVERSION = YES;
				CLANG_WARN_NON_LITERAL_NULL_CONVERSION = YES;
				CLANG_WARN_OBJC_IMPLICIT_RETAIN_SELF = YES;
				CLANG_WARN_OBJC_LITERAL_CONVERSION = YES;
				CLANG_WARN_OBJC_ROOT_CLASS = YES_ERROR;
				CLANG_WARN_QUOTED_INCLUDE_IN_FRAMEWORK_HEADER = YES;
				CLANG_WARN_RANGE_LOOP_ANALYSIS = YES;
				CLANG_WARN_STRICT_PROTOTYPES = YES;
				CLANG_WARN_SUSPICIOUS_MOVE = YES;
				CLANG_WARN_UNGUARDED_AVAILABILITY = YES_AGGRESSIVE;
				CLANG_WARN_UNREACHABLE_CODE = YES;
				CLANG_WARN__DUPLICATE_METHOD_MATCH = YES;
				COPY_PHASE_STRIP = NO;
				DEBUG_INFORMATION_FORMAT = "dwarf-with-dsym";
				ENABLE_NS_ASSERTIONS = NO;
				ENABLE_STRICT_OBJC_MSGSEND = YES;
				GCC_C_LANGUAGE_STANDARD = gnu11;
				GCC_NO_COMMON_BLOCKS = YES;
				GCC_WARN_64_TO_32_BIT_CONVERSION = YES;
				GCC_WARN_ABOUT_RETURN_TYPE = YES_ERROR;
				GCC_WARN_UNDECLARED_SELECTOR = YES;
				GCC_WARN_UNINITIALIZED_AUTOS = YES_AGGRESSIVE;
				GCC_WARN_UNUSED_FUNCTION = YES;
				GCC_WARN_UNUSED_VARIABLE = YES;
				IPHONEOS_DEPLOYMENT_TARGET = 14.3;
				MTL_ENABLE_DEBUG_INFO = NO;
				MTL_FAST_MATH = YES;
				SDKROOT = iphoneos;
				SWIFT_COMPILATION_MODE = wholemodule;
				SWIFT_OPTIMIZATION_LEVEL = "-O";
				VALIDATE_PRODUCT = YES;
			};
			name = Release;
		};
		EB5DAA0325A4808C006EED20 /* Debug */ = {
			isa = XCBuildConfiguration;
			baseConfigurationReference = 1C9B2CC7381F8951B3D0E846 /* Pods-FCymFunnyCreatorSU.debug.xcconfig */;
			buildSettings = {
				ASSETCATALOG_COMPILER_APPICON_NAME = AppIcon;
				ASSETCATALOG_COMPILER_GLOBAL_ACCENT_COLOR_NAME = AccentColor;
				CODE_SIGN_STYLE = Automatic;
				CURRENT_PROJECT_VERSION = 1.0.0.1;
				DEVELOPMENT_ASSET_PATHS = "\"FCymFunnyCreatorSU/Preview Content\"";
				DEVELOPMENT_TEAM = 598UKLP25U;
				ENABLE_PREVIEWS = YES;
				INFOPLIST_FILE = FCymFunnyCreatorSU/Info.plist;
				IPHONEOS_DEPLOYMENT_TARGET = 14.0;
				LD_RUNPATH_SEARCH_PATHS = (
					"$(inherited)",
					"@executable_path/Frameworks",
				);
				MARKETING_VERSION = 1.0.0;
				PRODUCT_BUNDLE_IDENTIFIER = com.xinyu.test.888888;
				PRODUCT_NAME = "$(TARGET_NAME)";
				SWIFT_VERSION = 5.0;
				TARGETED_DEVICE_FAMILY = 1;
			};
			name = Debug;
		};
		EB5DAA0425A4808C006EED20 /* Release */ = {
			isa = XCBuildConfiguration;
			baseConfigurationReference = 5B37129791BFD56F30E130B0 /* Pods-FCymFunnyCreatorSU.release.xcconfig */;
			buildSettings = {
				ASSETCATALOG_COMPILER_APPICON_NAME = AppIcon;
				ASSETCATALOG_COMPILER_GLOBAL_ACCENT_COLOR_NAME = AccentColor;
				CODE_SIGN_STYLE = Automatic;
				CURRENT_PROJECT_VERSION = 1.0.0.1;
				DEVELOPMENT_ASSET_PATHS = "\"FCymFunnyCreatorSU/Preview Content\"";
				DEVELOPMENT_TEAM = 598UKLP25U;
				ENABLE_PREVIEWS = YES;
				INFOPLIST_FILE = FCymFunnyCreatorSU/Info.plist;
				IPHONEOS_DEPLOYMENT_TARGET = 14.0;
				LD_RUNPATH_SEARCH_PATHS = (
					"$(inherited)",
					"@executable_path/Frameworks",
				);
				MARKETING_VERSION = 1.0.0;
				PRODUCT_BUNDLE_IDENTIFIER = com.xinyu.test.888888;
				PRODUCT_NAME = "$(TARGET_NAME)";
				SWIFT_VERSION = 5.0;
				TARGETED_DEVICE_FAMILY = 1;
			};
			name = Release;
		};
/* End XCBuildConfiguration section */

/* Begin XCConfigurationList section */
		EB5DA9E925A48088006EED20 /* Build configuration list for PBXProject "FCymFunnyCreatorSU" */ = {
			isa = XCConfigurationList;
			buildConfigurations = (
				EB5DAA0025A4808C006EED20 /* Debug */,
				EB5DAA0125A4808C006EED20 /* Release */,
			);
			defaultConfigurationIsVisible = 0;
			defaultConfigurationName = Release;
		};
		EB5DAA0225A4808C006EED20 /* Build configuration list for PBXNativeTarget "FCymFunnyCreatorSU" */ = {
			isa = XCConfigurationList;
			buildConfigurations = (
				EB5DAA0325A4808C006EED20 /* Debug */,
				EB5DAA0425A4808C006EED20 /* Release */,
			);
			defaultConfigurationIsVisible = 0;
			defaultConfigurationName = Release;
		};
/* End XCConfigurationList section */

/* Begin XCRemoteSwiftPackageReference section */
		EB957BC825B132C800A3DC96 /* XCRemoteSwiftPackageReference "TextView" */ = {
			isa = XCRemoteSwiftPackageReference;
			repositoryURL = "https://github.com/kenmueller/TextView";
			requirement = {
				kind = upToNextMajorVersion;
				minimumVersion = 1.4.8;
			};
		};
		EB957BEA25B1350500A3DC96 /* XCRemoteSwiftPackageReference "ActivityView" */ = {
			isa = XCRemoteSwiftPackageReference;
			repositoryURL = "https://github.com/shaps80/ActivityView.git";
			requirement = {
				kind = upToNextMajorVersion;
				minimumVersion = 1.0.0;
			};
		};
		EB957C0A25B1368200A3DC96 /* XCRemoteSwiftPackageReference "SwiftUIX" */ = {
			isa = XCRemoteSwiftPackageReference;
			repositoryURL = "https://github.com/SwiftUIX/SwiftUIX";
			requirement = {
				kind = upToNextMajorVersion;
				minimumVersion = 0.0.5;
			};
		};
/* End XCRemoteSwiftPackageReference section */

/* Begin XCSwiftPackageProductDependency section */
		EB957BC925B132C800A3DC96 /* TextView */ = {
			isa = XCSwiftPackageProductDependency;
			package = EB957BC825B132C800A3DC96 /* XCRemoteSwiftPackageReference "TextView" */;
			productName = TextView;
		};
		EB957BEB25B1350500A3DC96 /* ActivityView */ = {
			isa = XCSwiftPackageProductDependency;
			package = EB957BEA25B1350500A3DC96 /* XCRemoteSwiftPackageReference "ActivityView" */;
			productName = ActivityView;
		};
		EB957C0B25B1368200A3DC96 /* SwiftUIX */ = {
			isa = XCSwiftPackageProductDependency;
			package = EB957C0A25B1368200A3DC96 /* XCRemoteSwiftPackageReference "SwiftUIX" */;
			productName = SwiftUIX;
		};
/* End XCSwiftPackageProductDependency section */
	};
	rootObject = EB5DA9E625A48088006EED20 /* Project object */;
}
