{
  "object": {
    "pins": [
      {
        "package": "TextView",
        "repositoryURL": "https://github.com/kenmueller/TextView",
        "state": {
          "branch": null,
          "revision": "e9bf78313788c0bc0bc57a08edc8fa5c85a31a79",
          "version": "1.4.8"
        }
      }
    ]
  },
  "version": 1
}
